
Microsoft Visual Studio Solution File, Format Version 12.00
# Visual Studio Version 17
VisualStudioVersion = 17.14.36429.23 d17.14
MinimumVisualStudioVersion = 10.0.40219.1
Project("{FAE04EC0-301F-11D3-BF4B-00C04F79EFBC}") = "Automation.Test.2DBarcode", "Automation.Test.2DBarcode.csproj", "{930BCB2B-234B-430C-AFA6-AB39B3121B10}"
EndProject
Project("{FAE04EC0-301F-11D3-BF4B-00C04F79EFBC}") = "Automation.Framework", "..\Automation.Framework\Automation.Framework.csproj", "{AB6D4512-FCD6-72BD-9113-D7BFD0424F88}"
EndProject
Project("{FAE04EC0-301F-11D3-BF4B-00C04F79EFBC}") = "Automation.Test.Common", "..\Automation.Test.Common\Automation.Test.Common.csproj", "{3BBD06C7-D840-75B3-F1CD-5B65D241FBAD}"
EndProject
Global
	GlobalSection(SolutionConfigurationPlatforms) = preSolution
		Debug|Any CPU = Debug|Any CPU
		Release|Any CPU = Release|Any CPU
	EndGlobalSection
	GlobalSection(ProjectConfigurationPlatforms) = postSolution
		{930BCB2B-234B-430C-AFA6-AB39B3121B10}.Debug|Any CPU.ActiveCfg = Debug|Any CPU
		{930BCB2B-234B-430C-AFA6-AB39B3121B10}.Debug|Any CPU.Build.0 = Debug|Any CPU
		{930BCB2B-234B-430C-AFA6-AB39B3121B10}.Release|Any CPU.ActiveCfg = Release|Any CPU
		{930BCB2B-234B-430C-AFA6-AB39B3121B10}.Release|Any CPU.Build.0 = Release|Any CPU
		{AB6D4512-FCD6-72BD-9113-D7BFD0424F88}.Debug|Any CPU.ActiveCfg = Debug|Any CPU
		{AB6D4512-FCD6-72BD-9113-D7BFD0424F88}.Debug|Any CPU.Build.0 = Debug|Any CPU
		{AB6D4512-FCD6-72BD-9113-D7BFD0424F88}.Release|Any CPU.ActiveCfg = Release|Any CPU
		{AB6D4512-FCD6-72BD-9113-D7BFD0424F88}.Release|Any CPU.Build.0 = Release|Any CPU
		{3BBD06C7-D840-75B3-F1CD-5B65D241FBAD}.Debug|Any CPU.ActiveCfg = Debug|Any CPU
		{3BBD06C7-D840-75B3-F1CD-5B65D241FBAD}.Debug|Any CPU.Build.0 = Debug|Any CPU
		{3BBD06C7-D840-75B3-F1CD-5B65D241FBAD}.Release|Any CPU.ActiveCfg = Release|Any CPU
		{3BBD06C7-D840-75B3-F1CD-5B65D241FBAD}.Release|Any CPU.Build.0 = Release|Any CPU
	EndGlobalSection
	GlobalSection(SolutionProperties) = preSolution
		HideSolutionNode = FALSE
	EndGlobalSection
	GlobalSection(ExtensibilityGlobals) = postSolution
		SolutionGuid = {4CA1CD79-627E-4369-8E5D-7F235708BDAB}
	EndGlobalSection
EndGlobal
